
Microsoft Visual Studio Solution File, Format Version 12.00
# Visual Studio Version 17
VisualStudioVersion = 17.2.32616.157
MinimumVisualStudioVersion = 10.0.40219.1
Project("{9A19103F-16F7-4668-BE54-9A1E7A4F7556}") = "Api_Xavier", "Api_Xavier\Api_Xavier.csproj", "{0CBFDAD2-D01F-455B-BAC8-8CDD23208D07}"
EndProject
Project("{9A19103F-16F7-4668-BE54-9A1E7A4F7556}") = "Api_Xavier.Client", "Api_Xavier.Client\Api_Xavier.Client.csproj", "{31E40D32-375A-43EE-9383-D0940BCAE0F9}"
EndProject
Global
	GlobalSection(SolutionConfigurationPlatforms) = preSolution
		Debug|Any CPU = Debug|Any CPU
		Release|Any CPU = Release|Any CPU
	EndGlobalSection
	GlobalSection(ProjectConfigurationPlatforms) = postSolution
		{0CBFDAD2-D01F-455B-BAC8-8CDD23208D07}.Debug|Any CPU.ActiveCfg = Debug|Any CPU
		{0CBFDAD2-D01F-455B-BAC8-8CDD23208D07}.Debug|Any CPU.Build.0 = Debug|Any CPU
		{0CBFDAD2-D01F-455B-BAC8-8CDD23208D07}.Release|Any CPU.ActiveCfg = Release|Any CPU
		{0CBFDAD2-D01F-455B-BAC8-8CDD23208D07}.Release|Any CPU.Build.0 = Release|Any CPU
		{31E40D32-375A-43EE-9383-D0940BCAE0F9}.Debug|Any CPU.ActiveCfg = Debug|Any CPU
		{31E40D32-375A-43EE-9383-D0940BCAE0F9}.Debug|Any CPU.Build.0 = Debug|Any CPU
		{31E40D32-375A-43EE-9383-D0940BCAE0F9}.Release|Any CPU.ActiveCfg = Release|Any CPU
		{31E40D32-375A-43EE-9383-D0940BCAE0F9}.Release|Any CPU.Build.0 = Release|Any CPU
	EndGlobalSection
	GlobalSection(SolutionProperties) = preSolution
		HideSolutionNode = FALSE
	EndGlobalSection
	GlobalSection(ExtensibilityGlobals) = postSolution
		SolutionGuid = {E7435BD4-8437-48BA-9F5E-3D0496A19581}
	EndGlobalSection
EndGlobal
